# This file is automatically @generated by Cargo.
# It is not intended for manual editing.
version = 3

[[package]]
name = "b32768"
version = "0.1.0"
dependencies = [
 "base32768",
]

[[package]]
name = "base32768"
version = "0.1.0"
source = "git+https://github.com/Dreae/base32768-rs#1fea8e4dbfeef5cec8490a13c913923b927014aa"
dependencies = [
 "lazy_static",
]

[[package]]
name = "lazy_static"
version = "0.2.11"
source = "registry+https://github.com/rust-lang/crates.io-index"
checksum = "76f033c7ad61445c5b347c7382dd1237847eb1bce590fe50365dcb33d546be73"
